
Microsoft Visual Studio Solution File, Format Version 12.00
# Visual Studio Version 17
VisualStudioVersion = 17.5.33502.453
MinimumVisualStudioVersion = 10.0.40219.1
Project("{FAE04EC0-301F-11D3-BF4B-00C04F79EFBC}") = "rubinetti.alessandro.4i.WPFThreads", "rubinetti.alessandro.4i.WPFThreads\rubinetti.alessandro.4i.WPFThreads.csproj", "{450A9784-1738-4FA9-B5D4-A118AE11D8D6}"
EndProject
Global
	GlobalSection(SolutionConfigurationPlatforms) = preSolution
		Debug|Any CPU = Debug|Any CPU
		Release|Any CPU = Release|Any CPU
	EndGlobalSection
	GlobalSection(ProjectConfigurationPlatforms) = postSolution
		{450A9784-1738-4FA9-B5D4-A118AE11D8D6}.Debug|Any CPU.ActiveCfg = Debug|Any CPU
		{450A9784-1738-4FA9-B5D4-A118AE11D8D6}.Debug|Any CPU.Build.0 = Debug|Any CPU
		{450A9784-1738-4FA9-B5D4-A118AE11D8D6}.Release|Any CPU.ActiveCfg = Release|Any CPU
		{450A9784-1738-4FA9-B5D4-A118AE11D8D6}.Release|Any CPU.Build.0 = Release|Any CPU
	EndGlobalSection
	GlobalSection(SolutionProperties) = preSolution
		HideSolutionNode = FALSE
	EndGlobalSection
	GlobalSection(ExtensibilityGlobals) = postSolution
		SolutionGuid = {C4102C1B-641C-48F7-9163-1CAA0B465BC1}
	EndGlobalSection
EndGlobal
